
Microsoft Visual Studio Solution File, Format Version 12.00
# Visual Studio Version 17
VisualStudioVersion = 17.6.33815.320
MinimumVisualStudioVersion = 10.0.40219.1
Project("{FAE04EC0-301F-11D3-BF4B-00C04F79EFBC}") = "cat.itb.NF3EA3_VillodresAdrian", "cat.itb.NF3EA3_VillodresAdrian.csproj", "{9319510C-6F40-4152-8441-B8FE364C2607}"
EndProject
Global
	GlobalSection(SolutionConfigurationPlatforms) = preSolution
		Debug|Any CPU = Debug|Any CPU
		Release|Any CPU = Release|Any CPU
	EndGlobalSection
	GlobalSection(ProjectConfigurationPlatforms) = postSolution
		{9319510C-6F40-4152-8441-B8FE364C2607}.Debug|Any CPU.ActiveCfg = Debug|Any CPU
		{9319510C-6F40-4152-8441-B8FE364C2607}.Debug|Any CPU.Build.0 = Debug|Any CPU
		{9319510C-6F40-4152-8441-B8FE364C2607}.Release|Any CPU.ActiveCfg = Release|Any CPU
		{9319510C-6F40-4152-8441-B8FE364C2607}.Release|Any CPU.Build.0 = Release|Any CPU
	EndGlobalSection
	GlobalSection(SolutionProperties) = preSolution
		HideSolutionNode = FALSE
	EndGlobalSection
	GlobalSection(ExtensibilityGlobals) = postSolution
		SolutionGuid = {1A452B01-AE6B-4F9A-A08B-AFB56423CA52}
	EndGlobalSection
EndGlobal
